# THIS IS AN AUTOGENERATED FILE. DO NOT EDIT THIS FILE DIRECTLY.
# yarn lockfile v1


"@ngneat/falso@^5.0.0":
  version "5.0.0"
  resolved "https://registry.yarnpkg.com/@ngneat/falso/-/falso-5.0.0.tgz#272a90b533a7fe6297efa8270d955210ecc607c1"
  integrity sha512-l3KeG0xvIFuPFOrYk75EHbC1O/Y5IQl69QL9zFWVN2YnjSaPtEKfZwQot2vlYTI4KrostdvaTvvDGx8YeWB09g==
  dependencies:
    seedrandom "3.0.5"
    uuid "8.3.2"

seedrandom@3.0.5:
  version "3.0.5"
  resolved "https://registry.yarnpkg.com/seedrandom/-/seedrandom-3.0.5.tgz#54edc85c95222525b0c7a6f6b3543d8e0b3aa0a7"
  integrity sha512-8OwmbklUNzwezjGInmZ+2clQmExQPvomqjL7LFqOYqtmuxRgQYqOD3mHaU+MvZn5FLUeVxVfQjwLZW/n/JFuqg==

uuid@8.3.2:
  version "8.3.2"
  resolved "https://registry.yarnpkg.com/uuid/-/uuid-8.3.2.tgz#80d5b5ced271bb9af6c445f21a1a04c606cefbe2"
  integrity sha512-+NYs2QeMWy+GWFOEm9xnn6HCDp0l7QBD7ml8zLUmJ+93Q5NF0NocErnwkTkXVFNiX3/fpC6afS8Dhb/gz7R7eg==
